{
  "requires": true,
  "lockfileVersion": 1,
  "dependencies": {
    "@mdi/js": {
      "version": "5.8.55",
      "resolved": "https://registry.npmjs.org/@mdi/js/-/js-5.8.55.tgz",
      "integrity": "sha512-2bvln56SW6V/nSDC/0/NTu1bMF/CgSyZox8mcWbAPWElBN3UYIrukKDUckEER8ifr8X2YJl1RLKQqi7T7qLzmg=="
    },
    "@mdi/react": {
      "version": "1.4.0",
      "resolved": "https://registry.npmjs.org/@mdi/react/-/react-1.4.0.tgz",
      "integrity": "sha512-OUH9RhfDJPhybQL3owwrSDIXz2yVKXg5lYeOZjyRCiT9wqywNK0FeYyDByOwNIZnnIQoQYmuSrMv+pOX0Uqkmw=="
    }
  }
}
